PODS:
  - Alamofire (5.5.0)
  - AliPlayerSDK_iOS (5.4.7.0):
    - AliPlayerSDK_iOS/AliPlayerSDK (= 5.4.7.0)
  - AliPlayerSDK_iOS/AliPlayerSDK (5.4.7.0)
  - HandyJSON (5.0.2)
  - Kingfisher (7.2.0)
  - MJRefresh (3.7.5)
  - Moya (15.0.0):
    - Moya/Core (= 15.0.0)
  - Moya/Core (15.0.0):
    - Alamofire (~> 5.0)
  - SnapKit (5.0.1)
  - SVProgressHUD (2.2.5)

DEPENDENCIES:
  - AliPlayerSDK_iOS
  - HandyJSON
  - Kingfisher
  - MJRefresh
  - Moya
  - SnapKit
  - SVProgressHUD

SPEC REPOS:
  trunk:
    - Alamofire
    - AliPlayerSDK_iOS
    - HandyJSON
    - Kingfisher
    - MJRefresh
    - Moya
    - SnapKit
    - SVProgressHUD

SPEC CHECKSUMS:
  Alamofire: 1c4fb5369c3fe93d2857c780d8bbe09f06f97e7c
  AliPlayerSDK_iOS: a3a2ddb2296d9f212cdb7db26cce6672091cfb43
  HandyJSON: 9e4e236f5d2dbefad5155a77417bbea438201c03
  Kingfisher: 3ac0b75b155cabc0e544877d1a4deea29feece92
  MJRefresh: fdf5e979eb406a0341468932d1dfc8b7f9fce961
  Moya: 138f0573e53411fb3dc17016add0b748dfbd78ee
  SnapKit: 97b92857e3df3a0c71833cce143274bf6ef8e5eb
  SVProgressHUD: 1428aafac632c1f86f62aa4243ec12008d7a51d6

PODFILE CHECKSUM: c52f33df1533810882b64c3988a5f0bebc1de492

COCOAPODS: 1.11.3
